
Microsoft Visual Studio Solution File, Format Version 12.00
# Visual Studio 15
Project("{FAE04EC0-301F-11D3-BF4B-00C04F79EFBC}") = "projektMobilne", "projektMobilne\projektMobilne.csproj", "{79E6EBC2-F1DC-4E31-8C4B-382F285FCE27}"
EndProject
Project("{FAE04EC0-301F-11D3-BF4B-00C04F79EFBC}") = "projektMobilne.UITests", "projektMobilne.UITests\projektMobilne.UITests.csproj", "{1CE10133-9ABB-4DEF-8BEA-6554A4139144}"
EndProject
Global
	GlobalSection(SolutionConfigurationPlatforms) = preSolution
		Debug|Any CPU = Debug|Any CPU
		Release|Any CPU = Release|Any CPU
	EndGlobalSection
	GlobalSection(ProjectConfigurationPlatforms) = postSolution
		{79E6EBC2-F1DC-4E31-8C4B-382F285FCE27}.Debug|Any CPU.ActiveCfg = Debug|Any CPU
		{79E6EBC2-F1DC-4E31-8C4B-382F285FCE27}.Debug|Any CPU.Build.0 = Debug|Any CPU
		{79E6EBC2-F1DC-4E31-8C4B-382F285FCE27}.Release|Any CPU.ActiveCfg = Release|Any CPU
		{79E6EBC2-F1DC-4E31-8C4B-382F285FCE27}.Release|Any CPU.Build.0 = Release|Any CPU
		{1CE10133-9ABB-4DEF-8BEA-6554A4139144}.Debug|Any CPU.ActiveCfg = Debug|Any CPU
		{1CE10133-9ABB-4DEF-8BEA-6554A4139144}.Debug|Any CPU.Build.0 = Debug|Any CPU
		{1CE10133-9ABB-4DEF-8BEA-6554A4139144}.Release|Any CPU.ActiveCfg = Release|Any CPU
		{1CE10133-9ABB-4DEF-8BEA-6554A4139144}.Release|Any CPU.Build.0 = Release|Any CPU
	EndGlobalSection
EndGlobal
